// !$*UTF8*$!
{
	archiveVersion = 1;
	classes = {
	};
	objectVersion = 56;
	objects = {

/* Begin PBXBuildFile section */
		001 /* KieserTrainerApp.swift in Sources */ = {isa = PBXBuildFile; fileRef = 101; };
		002 /* ContentView.swift in Sources */ = {isa = PBXBuildFile; fileRef = 102; };
		003 /* Exercise.swift in Sources */ = {isa = PBXBuildFile; fileRef = 103; };
		004 /* Machine.swift in Sources */ = {isa = PBXBuildFile; fileRef = 104; };
		005 /* WorkoutSession.swift in Sources */ = {isa = PBXBuildFile; fileRef = 105; };
		006 /* ExerciseLog.swift in Sources */ = {isa = PBXBuildFile; fileRef = 106; };
		007 /* ExerciseListView.swift in Sources */ = {isa = PBXBuildFile; fileRef = 107; };
		008 /* AddExerciseView.swift in Sources */ = {isa = PBXBuildFile; fileRef = 108; };
		009 /* ExerciseDetailView.swift in Sources */ = {isa = PBXBuildFile; fileRef = 109; };
		010 /* MachineListView.swift in Sources */ = {isa = PBXBuildFile; fileRef = 110; };
		011 /* AddMachineView.swift in Sources */ = {isa = PBXBuildFile; fileRef = 111; };
		012 /* MachineDetailView.swift in Sources */ = {isa = PBXBuildFile; fileRef = 112; };
		013 /* WorkoutTimerView.swift in Sources */ = {isa = PBXBuildFile; fileRef = 113; };
		014 /* WorkoutStartView.swift in Sources */ = {isa = PBXBuildFile; fileRef = 114; };
		015 /* ActiveWorkoutView.swift in Sources */ = {isa = PBXBuildFile; fileRef = 115; };
		016 /* HistoryView.swift in Sources */ = {isa = PBXBuildFile; fileRef = 116; };
		017 /* Assets.xcassets in Resources */ = {isa = PBXBuildFile; fileRef = 201; };
		018 /* Preview Assets.xcassets in Resources */ = {isa = PBXBuildFile; fileRef = 202; };
		W001 /* KieserTrainerWatchApp.swift in Sources */ = {isa = PBXBuildFile; fileRef = W101; };
		W002 /* WatchWorkoutManager.swift in Sources */ = {isa = PBXBuildFile; fileRef = W102; };
		W003 /* WatchContentView.swift in Sources */ = {isa = PBXBuildFile; fileRef = W103; };
		W004 /* WatchTimerView.swift in Sources */ = {isa = PBXBuildFile; fileRef = W104; };
		W005 /* Assets.xcassets in Resources */ = {isa = PBXBuildFile; fileRef = W201; };
		W006 /* Preview Assets.xcassets in Resources */ = {isa = PBXBuildFile; fileRef = W202; };
/* End PBXBuildFile section */

/* Begin PBXFileReference section */
		101 /* KieserTrainerApp.swift */ = {isa = PBXFileReference; lastKnownFileType = sourcecode.swift; path = KieserTrainerApp.swift; sourceTree = "<group>"; };
		102 /* ContentView.swift */ = {isa = PBXFileReference; lastKnownFileType = sourcecode.swift; path = ContentView.swift; sourceTree = "<group>"; };
		103 /* Exercise.swift */ = {isa = PBXFileReference; lastKnownFileType = sourcecode.swift; path = Exercise.swift; sourceTree = "<group>"; };
		104 /* Machine.swift */ = {isa = PBXFileReference; lastKnownFileType = sourcecode.swift; path = Machine.swift; sourceTree = "<group>"; };
		105 /* WorkoutSession.swift */ = {isa = PBXFileReference; lastKnownFileType = sourcecode.swift; path = WorkoutSession.swift; sourceTree = "<group>"; };
		106 /* ExerciseLog.swift */ = {isa = PBXFileReference; lastKnownFileType = sourcecode.swift; path = ExerciseLog.swift; sourceTree = "<group>"; };
		107 /* ExerciseListView.swift */ = {isa = PBXFileReference; lastKnownFileType = sourcecode.swift; path = ExerciseListView.swift; sourceTree = "<group>"; };
		108 /* AddExerciseView.swift */ = {isa = PBXFileReference; lastKnownFileType = sourcecode.swift; path = AddExerciseView.swift; sourceTree = "<group>"; };
		109 /* ExerciseDetailView.swift */ = {isa = PBXFileReference; lastKnownFileType = sourcecode.swift; path = ExerciseDetailView.swift; sourceTree = "<group>"; };
		110 /* MachineListView.swift */ = {isa = PBXFileReference; lastKnownFileType = sourcecode.swift; path = MachineListView.swift; sourceTree = "<group>"; };
		111 /* AddMachineView.swift */ = {isa = PBXFileReference; lastKnownFileType = sourcecode.swift; path = AddMachineView.swift; sourceTree = "<group>"; };
		112 /* MachineDetailView.swift */ = {isa = PBXFileReference; lastKnownFileType = sourcecode.swift; path = MachineDetailView.swift; sourceTree = "<group>"; };
		113 /* WorkoutTimerView.swift */ = {isa = PBXFileReference; lastKnownFileType = sourcecode.swift; path = WorkoutTimerView.swift; sourceTree = "<group>"; };
		114 /* WorkoutStartView.swift */ = {isa = PBXFileReference; lastKnownFileType = sourcecode.swift; path = WorkoutStartView.swift; sourceTree = "<group>"; };
		115 /* ActiveWorkoutView.swift */ = {isa = PBXFileReference; lastKnownFileType = sourcecode.swift; path = ActiveWorkoutView.swift; sourceTree = "<group>"; };
		116 /* HistoryView.swift */ = {isa = PBXFileReference; lastKnownFileType = sourcecode.swift; path = HistoryView.swift; sourceTree = "<group>"; };
		201 /* Assets.xcassets */ = {isa = PBXFileReference; lastKnownFileType = folder.assetcatalog; path = Assets.xcassets; sourceTree = "<group>"; };
		202 /* Preview Assets.xcassets */ = {isa = PBXFileReference; lastKnownFileType = folder.assetcatalog; path = "Preview Assets.xcassets"; sourceTree = "<group>"; };
		300 /* KieserTrainer.app */ = {isa = PBXFileReference; explicitFileType = wrapper.application; includeInIndex = 0; path = KieserTrainer.app; sourceTree = BUILT_PRODUCTS_DIR; };
		W101 /* KieserTrainerWatchApp.swift */ = {isa = PBXFileReference; lastKnownFileType = sourcecode.swift; path = KieserTrainerWatchApp.swift; sourceTree = "<group>"; };
		W102 /* WatchWorkoutManager.swift */ = {isa = PBXFileReference; lastKnownFileType = sourcecode.swift; path = WatchWorkoutManager.swift; sourceTree = "<group>"; };
		W103 /* WatchContentView.swift */ = {isa = PBXFileReference; lastKnownFileType = sourcecode.swift; path = WatchContentView.swift; sourceTree = "<group>"; };
		W104 /* WatchTimerView.swift */ = {isa = PBXFileReference; lastKnownFileType = sourcecode.swift; path = WatchTimerView.swift; sourceTree = "<group>"; };
		W201 /* Assets.xcassets */ = {isa = PBXFileReference; lastKnownFileType = folder.assetcatalog; path = Assets.xcassets; sourceTree = "<group>"; };
		W202 /* Preview Assets.xcassets */ = {isa = PBXFileReference; lastKnownFileType = folder.assetcatalog; path = "Preview Assets.xcassets"; sourceTree = "<group>"; };
		W300 /* KieserTrainerWatch.app */ = {isa = PBXFileReference; explicitFileType = wrapper.application; includeInIndex = 0; path = KieserTrainerWatch.app; sourceTree = BUILT_PRODUCTS_DIR; };
/* End PBXFileReference section */

/* Begin PBXFrameworksBuildPhase section */
		400 /* Frameworks */ = {
			isa = PBXFrameworksBuildPhase;
			buildActionMask = 2147483647;
			files = (
			);
			runOnlyForDeploymentPostprocessing = 0;
		};
		W400 /* Frameworks */ = {
			isa = PBXFrameworksBuildPhase;
			buildActionMask = 2147483647;
			files = (
			);
			runOnlyForDeploymentPostprocessing = 0;
		};
/* End PBXFrameworksBuildPhase section */

/* Begin PBXGroup section */
		500 = {
			isa = PBXGroup;
			children = (
				501 /* KieserTrainer */,
				W501 /* KieserTrainerWatch */,
				502 /* Products */,
			);
			sourceTree = "<group>";
		};
		501 /* KieserTrainer */ = {
			isa = PBXGroup;
			children = (
				101 /* KieserTrainerApp.swift */,
				503 /* Models */,
				504 /* Views */,
				201 /* Assets.xcassets */,
				505 /* Preview Content */,
			);
			path = KieserTrainer;
			sourceTree = "<group>";
		};
		502 /* Products */ = {
			isa = PBXGroup;
			children = (
				300 /* KieserTrainer.app */,
				W300 /* KieserTrainerWatch.app */,
			);
			name = Products;
			sourceTree = "<group>";
		};
		503 /* Models */ = {
			isa = PBXGroup;
			children = (
				103 /* Exercise.swift */,
				104 /* Machine.swift */,
				105 /* WorkoutSession.swift */,
				106 /* ExerciseLog.swift */,
			);
			path = Models;
			sourceTree = "<group>";
		};
		504 /* Views */ = {
			isa = PBXGroup;
			children = (
				102 /* ContentView.swift */,
				107 /* ExerciseListView.swift */,
				108 /* AddExerciseView.swift */,
				109 /* ExerciseDetailView.swift */,
				110 /* MachineListView.swift */,
				111 /* AddMachineView.swift */,
				112 /* MachineDetailView.swift */,
				113 /* WorkoutTimerView.swift */,
				114 /* WorkoutStartView.swift */,
				115 /* ActiveWorkoutView.swift */,
				116 /* HistoryView.swift */,
			);
			path = Views;
			sourceTree = "<group>";
		};
		505 /* Preview Content */ = {
			isa = PBXGroup;
			children = (
				202 /* Preview Assets.xcassets */,
			);
			path = "Preview Content";
			sourceTree = "<group>";
		};
		W501 /* KieserTrainerWatch */ = {
			isa = PBXGroup;
			children = (
				W101 /* KieserTrainerWatchApp.swift */,
				W102 /* WatchWorkoutManager.swift */,
				W103 /* WatchContentView.swift */,
				W104 /* WatchTimerView.swift */,
				W201 /* Assets.xcassets */,
				W505 /* Preview Content */,
			);
			path = KieserTrainerWatch;
			sourceTree = "<group>";
		};
		W505 /* Preview Content */ = {
			isa = PBXGroup;
			children = (
				W202 /* Preview Assets.xcassets */,
			);
			path = "Preview Content";
			sourceTree = "<group>";
		};
/* End PBXGroup section */

/* Begin PBXNativeTarget section */
		600 /* KieserTrainer */ = {
			isa = PBXNativeTarget;
			buildConfigurationList = 700;
			buildPhases = (
				601 /* Sources */,
				400 /* Frameworks */,
				602 /* Resources */,
			);
			buildRules = (
			);
			dependencies = (
			);
			name = KieserTrainer;
			productName = KieserTrainer;
			productReference = 300 /* KieserTrainer.app */;
			productType = "com.apple.product-type.application";
		};
		W600 /* KieserTrainerWatch */ = {
			isa = PBXNativeTarget;
			buildConfigurationList = W700;
			buildPhases = (
				W601 /* Sources */,
				W400 /* Frameworks */,
				W602 /* Resources */,
			);
			buildRules = (
			);
			dependencies = (
			);
			name = KieserTrainerWatch;
			productName = KieserTrainerWatch;
			productReference = W300 /* KieserTrainerWatch.app */;
			productType = "com.apple.product-type.application";
		};
/* End PBXNativeTarget section */

/* Begin PBXProject section */
		800 /* Project object */ = {
			isa = PBXProject;
			attributes = {
				BuildIndependentTargetsInParallel = 1;
				LastSwiftUpdateCheck = 1500;
				LastUpgradeCheck = 1500;
				TargetAttributes = {
					600 = {
						CreatedOnToolsVersion = 15.0;
					};
					W600 = {
						CreatedOnToolsVersion = 15.0;
					};
				};
			};
			buildConfigurationList = 801;
			compatibilityVersion = "Xcode 14.0";
			developmentRegion = de;
			hasScannedForEncodings = 0;
			knownRegions = (
				de,
				Base,
			);
			mainGroup = 500;
			productRefGroup = 502 /* Products */;
			projectDirPath = "";
			projectRoot = "";
			targets = (
				600 /* KieserTrainer */,
				W600 /* KieserTrainerWatch */,
			);
		};
/* End PBXProject section */

/* Begin PBXResourcesBuildPhase section */
		602 /* Resources */ = {
			isa = PBXResourcesBuildPhase;
			buildActionMask = 2147483647;
			files = (
				017 /* Assets.xcassets in Resources */,
				018 /* Preview Assets.xcassets in Resources */,
			);
			runOnlyForDeploymentPostprocessing = 0;
		};
		W602 /* Resources */ = {
			isa = PBXResourcesBuildPhase;
			buildActionMask = 2147483647;
			files = (
				W005 /* Assets.xcassets in Resources */,
				W006 /* Preview Assets.xcassets in Resources */,
			);
			runOnlyForDeploymentPostprocessing = 0;
		};
/* End PBXResourcesBuildPhase section */

/* Begin PBXSourcesBuildPhase section */
		601 /* Sources */ = {
			isa = PBXSourcesBuildPhase;
			buildActionMask = 2147483647;
			files = (
				001 /* KieserTrainerApp.swift in Sources */,
				002 /* ContentView.swift in Sources */,
				003 /* Exercise.swift in Sources */,
				004 /* Machine.swift in Sources */,
				005 /* WorkoutSession.swift in Sources */,
				006 /* ExerciseLog.swift in Sources */,
				007 /* ExerciseListView.swift in Sources */,
				008 /* AddExerciseView.swift in Sources */,
				009 /* ExerciseDetailView.swift in Sources */,
				010 /* MachineListView.swift in Sources */,
				011 /* AddMachineView.swift in Sources */,
				012 /* MachineDetailView.swift in Sources */,
				013 /* WorkoutTimerView.swift in Sources */,
				014 /* WorkoutStartView.swift in Sources */,
				015 /* ActiveWorkoutView.swift in Sources */,
				016 /* HistoryView.swift in Sources */,
			);
			runOnlyForDeploymentPostprocessing = 0;
		};
		W601 /* Sources */ = {
			isa = PBXSourcesBuildPhase;
			buildActionMask = 2147483647;
			files = (
				W001 /* KieserTrainerWatchApp.swift in Sources */,
				W002 /* WatchWorkoutManager.swift in Sources */,
				W003 /* WatchContentView.swift in Sources */,
				W004 /* WatchTimerView.swift in Sources */,
			);
			runOnlyForDeploymentPostprocessing = 0;
		};
/* End PBXSourcesBuildPhase section */

/* Begin XCBuildConfiguration section */
		900 /* Debug */ = {
			isa = XCBuildConfiguration;
			buildSettings = {
				ALWAYS_SEARCH_USER_PATHS = NO;
				ASSETCATALOG_COMPILER_GENERATE_SWIFT_ASSET_SYMBOL_EXTENSIONS = YES;
				CLANG_ANALYZER_NONNULL = YES;
				CLANG_ANALYZER_NUMBER_OBJECT_CONVERSION = YES_AGGRESSIVE;
				CLANG_CXX_LANGUAGE_STANDARD = "gnu++20";
				CLANG_ENABLE_MODULES = YES;
				CLANG_ENABLE_OBJC_ARC = YES;
				CLANG_ENABLE_OBJC_WEAK = YES;
				CLANG_WARN_BLOCK_CAPTURE_AUTORELEASING = YES;
				CLANG_WARN_BOOL_CONVERSION = YES;
				CLANG_WARN_COMMA = YES;
				CLANG_WARN_CONSTANT_CONVERSION = YES;
				CLANG_WARN_DEPRECATED_OBJC_IMPLEMENTATIONS = YES;
				CLANG_WARN_DIRECT_OBJC_ISA_USAGE = YES_ERROR;
				CLANG_WARN_DOCUMENTATION_COMMENTS = YES;
				CLANG_WARN_EMPTY_BODY = YES;
				CLANG_WARN_ENUM_CONVERSION = YES;
				CLANG_WARN_INFINITE_RECURSION = YES;
				CLANG_WARN_INT_CONVERSION = YES;
				CLANG_WARN_NON_LITERAL_NULL_CONVERSION = YES;
				CLANG_WARN_OBJC_IMPLICIT_RETAIN_SELF = YES;
				CLANG_WARN_OBJC_LITERAL_CONVERSION = YES;
				CLANG_WARN_OBJC_ROOT_CLASS = YES_ERROR;
				CLANG_WARN_QUOTED_INCLUDE_IN_FRAMEWORK_HEADER = YES;
				CLANG_WARN_RANGE_LOOP_ANALYSIS = YES;
				CLANG_WARN_STRICT_PROTOTYPES = YES;
				CLANG_WARN_SUSPICIOUS_MOVE = YES;
				CLANG_WARN_UNGUARDED_AVAILABILITY = YES_AGGRESSIVE;
				CLANG_WARN_UNREACHABLE_CODE = YES;
				CLANG_WARN__DUPLICATE_METHOD_MATCH = YES;
				COPY_PHASE_STRIP = NO;
				DEBUG_INFORMATION_FORMAT = dwarf;
				ENABLE_STRICT_OBJC_MSGSEND = YES;
				ENABLE_TESTABILITY = YES;
				ENABLE_USER_SCRIPT_SANDBOXING = YES;
				GCC_C_LANGUAGE_STANDARD = gnu17;
				GCC_DYNAMIC_NO_PIC = NO;
				GCC_NO_COMMON_BLOCKS = YES;
				GCC_OPTIMIZATION_LEVEL = 0;
				GCC_PREPROCESSOR_DEFINITIONS = (
					"DEBUG=1",
					"$(inherited)",
				);
				GCC_WARN_64_TO_32_BIT_CONVERSION = YES;
				GCC_WARN_ABOUT_RETURN_TYPE = YES_ERROR;
				GCC_WARN_UNDECLARED_SELECTOR = YES;
				GCC_WARN_UNINITIALIZED_AUTOS = YES_AGGRESSIVE;
				GCC_WARN_UNUSED_FUNCTION = YES;
				GCC_WARN_UNUSED_VARIABLE = YES;
				LOCALIZATION_PREFERS_STRING_CATALOGS = YES;
				MTL_ENABLE_DEBUG_INFO = INCLUDE_SOURCE;
				MTL_FAST_MATH = YES;
				ONLY_ACTIVE_ARCH = YES;
				SWIFT_ACTIVE_COMPILATION_CONDITIONS = "DEBUG $(inherited)";
				SWIFT_OPTIMIZATION_LEVEL = "-Onone";
			};
			name = Debug;
		};
		901 /* Release */ = {
			isa = XCBuildConfiguration;
			buildSettings = {
				ALWAYS_SEARCH_USER_PATHS = NO;
				ASSETCATALOG_COMPILER_GENERATE_SWIFT_ASSET_SYMBOL_EXTENSIONS = YES;
				CLANG_ANALYZER_NONNULL = YES;
				CLANG_ANALYZER_NUMBER_OBJECT_CONVERSION = YES_AGGRESSIVE;
				CLANG_CXX_LANGUAGE_STANDARD = "gnu++20";
				CLANG_ENABLE_MODULES = YES;
				CLANG_ENABLE_OBJC_ARC = YES;
				CLANG_ENABLE_OBJC_WEAK = YES;
				CLANG_WARN_BLOCK_CAPTURE_AUTORELEASING = YES;
				CLANG_WARN_BOOL_CONVERSION = YES;
				CLANG_WARN_COMMA = YES;
				CLANG_WARN_CONSTANT_CONVERSION = YES;
				CLANG_WARN_DEPRECATED_OBJC_IMPLEMENTATIONS = YES;
				CLANG_WARN_DIRECT_OBJC_ISA_USAGE = YES_ERROR;
				CLANG_WARN_DOCUMENTATION_COMMENTS = YES;
				CLANG_WARN_EMPTY_BODY = YES;
				CLANG_WARN_ENUM_CONVERSION = YES;
				CLANG_WARN_INFINITE_RECURSION = YES;
				CLANG_WARN_INT_CONVERSION = YES;
				CLANG_WARN_NON_LITERAL_NULL_CONVERSION = YES;
				CLANG_WARN_OBJC_IMPLICIT_RETAIN_SELF = YES;
				CLANG_WARN_OBJC_LITERAL_CONVERSION = YES;
				CLANG_WARN_OBJC_ROOT_CLASS = YES_ERROR;
				CLANG_WARN_QUOTED_INCLUDE_IN_FRAMEWORK_HEADER = YES;
				CLANG_WARN_RANGE_LOOP_ANALYSIS = YES;
				CLANG_WARN_STRICT_PROTOTYPES = YES;
				CLANG_WARN_SUSPICIOUS_MOVE = YES;
				CLANG_WARN_UNGUARDED_AVAILABILITY = YES_AGGRESSIVE;
				CLANG_WARN_UNREACHABLE_CODE = YES;
				CLANG_WARN__DUPLICATE_METHOD_MATCH = YES;
				COPY_PHASE_STRIP = NO;
				DEBUG_INFORMATION_FORMAT = "dwarf-with-dsym";
				ENABLE_NS_ASSERTIONS = NO;
				ENABLE_STRICT_OBJC_MSGSEND = YES;
				ENABLE_USER_SCRIPT_SANDBOXING = YES;
				GCC_C_LANGUAGE_STANDARD = gnu17;
				GCC_NO_COMMON_BLOCKS = YES;
				GCC_WARN_64_TO_32_BIT_CONVERSION = YES;
				GCC_WARN_ABOUT_RETURN_TYPE = YES_ERROR;
				GCC_WARN_UNDECLARED_SELECTOR = YES;
				GCC_WARN_UNINITIALIZED_AUTOS = YES_AGGRESSIVE;
				GCC_WARN_UNUSED_FUNCTION = YES;
				GCC_WARN_UNUSED_VARIABLE = YES;
				LOCALIZATION_PREFERS_STRING_CATALOGS = YES;
				MTL_ENABLE_DEBUG_INFO = NO;
				MTL_FAST_MATH = YES;
				SWIFT_COMPILATION_MODE = wholemodule;
				VALIDATE_PRODUCT = YES;
			};
			name = Release;
		};
		902 /* Debug */ = {
			isa = XCBuildConfiguration;
			buildSettings = {
				ASSETCATALOG_COMPILER_APPICON_NAME = AppIcon;
				ASSETCATALOG_COMPILER_GLOBAL_ACCENT_COLOR_NAME = AccentColor;
				CODE_SIGN_STYLE = Automatic;
				CURRENT_PROJECT_VERSION = 1;
				DEVELOPMENT_ASSET_PATHS = "\"KieserTrainer/Preview Content\"";
				ENABLE_PREVIEWS = YES;
				GENERATE_INFOPLIST_FILE = YES;
				INFOPLIST_KEY_CFBundleDisplayName = "Kieser Trainer";
				INFOPLIST_KEY_LSApplicationCategoryType = "public.app-category.healthcare-fitness";
				INFOPLIST_KEY_UIApplicationSceneManifest_Generation = YES;
				INFOPLIST_KEY_UIApplicationSupportsIndirectInputEvents = YES;
				INFOPLIST_KEY_UILaunchScreen_Generation = YES;
				INFOPLIST_KEY_UISupportedInterfaceOrientations = UIInterfaceOrientationPortrait;
				INFOPLIST_KEY_UISupportedInterfaceOrientations_iPad = "UIInterfaceOrientationLandscapeLeft UIInterfaceOrientationLandscapeRight UIInterfaceOrientationPortrait UIInterfaceOrientationPortraitUpsideDown";
				IPHONEOS_DEPLOYMENT_TARGET = 17.0;
				LD_RUNPATH_SEARCH_PATHS = (
					"$(inherited)",
					"@executable_path/Frameworks",
				);
				MARKETING_VERSION = 1.0;
				PRODUCT_BUNDLE_IDENTIFIER = com.kiesertrainer.app;
				PRODUCT_NAME = "$(TARGET_NAME)";
				SDKROOT = iphoneos;
				SUPPORTED_PLATFORMS = "iphoneos iphonesimulator";
				SUPPORTS_MACCATALYST = NO;
				SWIFT_EMIT_LOC_STRINGS = YES;
				SWIFT_VERSION = 5.0;
				TARGETED_DEVICE_FAMILY = 1;
			};
			name = Debug;
		};
		903 /* Release */ = {
			isa = XCBuildConfiguration;
			buildSettings = {
				ASSETCATALOG_COMPILER_APPICON_NAME = AppIcon;
				ASSETCATALOG_COMPILER_GLOBAL_ACCENT_COLOR_NAME = AccentColor;
				CODE_SIGN_STYLE = Automatic;
				CURRENT_PROJECT_VERSION = 1;
				DEVELOPMENT_ASSET_PATHS = "\"KieserTrainer/Preview Content\"";
				ENABLE_PREVIEWS = YES;
				GENERATE_INFOPLIST_FILE = YES;
				INFOPLIST_KEY_CFBundleDisplayName = "Kieser Trainer";
				INFOPLIST_KEY_LSApplicationCategoryType = "public.app-category.healthcare-fitness";
				INFOPLIST_KEY_UIApplicationSceneManifest_Generation = YES;
				INFOPLIST_KEY_UIApplicationSupportsIndirectInputEvents = YES;
				INFOPLIST_KEY_UILaunchScreen_Generation = YES;
				INFOPLIST_KEY_UISupportedInterfaceOrientations = UIInterfaceOrientationPortrait;
				INFOPLIST_KEY_UISupportedInterfaceOrientations_iPad = "UIInterfaceOrientationLandscapeLeft UIInterfaceOrientationLandscapeRight UIInterfaceOrientationPortrait UIInterfaceOrientationPortraitUpsideDown";
				IPHONEOS_DEPLOYMENT_TARGET = 17.0;
				LD_RUNPATH_SEARCH_PATHS = (
					"$(inherited)",
					"@executable_path/Frameworks",
				);
				MARKETING_VERSION = 1.0;
				PRODUCT_BUNDLE_IDENTIFIER = com.kiesertrainer.app;
				PRODUCT_NAME = "$(TARGET_NAME)";
				SDKROOT = iphoneos;
				SUPPORTED_PLATFORMS = "iphoneos iphonesimulator";
				SUPPORTS_MACCATALYST = NO;
				SWIFT_EMIT_LOC_STRINGS = YES;
				SWIFT_VERSION = 5.0;
				TARGETED_DEVICE_FAMILY = 1;
			};
			name = Release;
		};
		W902 /* Debug */ = {
			isa = XCBuildConfiguration;
			buildSettings = {
				ASSETCATALOG_COMPILER_APPICON_NAME = AppIcon;
				ASSETCATALOG_COMPILER_GLOBAL_ACCENT_COLOR_NAME = AccentColor;
				CODE_SIGN_STYLE = Automatic;
				CURRENT_PROJECT_VERSION = 1;
				DEVELOPMENT_ASSET_PATHS = "\"KieserTrainerWatch/Preview Content\"";
				ENABLE_PREVIEWS = YES;
				GENERATE_INFOPLIST_FILE = YES;
				INFOPLIST_KEY_CFBundleDisplayName = "Kieser Watch";
				INFOPLIST_KEY_UISupportedInterfaceOrientations = "UIInterfaceOrientationPortrait UIInterfaceOrientationPortraitUpsideDown";
				INFOPLIST_KEY_WKCompanionAppBundleIdentifier = com.kiesertrainer.app;
				LD_RUNPATH_SEARCH_PATHS = (
					"$(inherited)",
					"@executable_path/Frameworks",
				);
				MARKETING_VERSION = 1.0;
				PRODUCT_BUNDLE_IDENTIFIER = com.kiesertrainer.app.watchkitapp;
				PRODUCT_NAME = "$(TARGET_NAME)";
				SDKROOT = watchos;
				SKIP_INSTALL = YES;
				SUPPORTED_PLATFORMS = "watchos watchsimulator";
				SWIFT_EMIT_LOC_STRINGS = YES;
				SWIFT_VERSION = 5.0;
				TARGETED_DEVICE_FAMILY = 4;
				WATCHOS_DEPLOYMENT_TARGET = 10.0;
			};
			name = Debug;
		};
		W903 /* Release */ = {
			isa = XCBuildConfiguration;
			buildSettings = {
				ASSETCATALOG_COMPILER_APPICON_NAME = AppIcon;
				ASSETCATALOG_COMPILER_GLOBAL_ACCENT_COLOR_NAME = AccentColor;
				CODE_SIGN_STYLE = Automatic;
				CURRENT_PROJECT_VERSION = 1;
				DEVELOPMENT_ASSET_PATHS = "\"KieserTrainerWatch/Preview Content\"";
				ENABLE_PREVIEWS = YES;
				GENERATE_INFOPLIST_FILE = YES;
				INFOPLIST_KEY_CFBundleDisplayName = "Kieser Watch";
				INFOPLIST_KEY_UISupportedInterfaceOrientations = "UIInterfaceOrientationPortrait UIInterfaceOrientationPortraitUpsideDown";
				INFOPLIST_KEY_WKCompanionAppBundleIdentifier = com.kiesertrainer.app;
				LD_RUNPATH_SEARCH_PATHS = (
					"$(inherited)",
					"@executable_path/Frameworks",
				);
				MARKETING_VERSION = 1.0;
				PRODUCT_BUNDLE_IDENTIFIER = com.kiesertrainer.app.watchkitapp;
				PRODUCT_NAME = "$(TARGET_NAME)";
				SDKROOT = watchos;
				SKIP_INSTALL = YES;
				SUPPORTED_PLATFORMS = "watchos watchsimulator";
				SWIFT_EMIT_LOC_STRINGS = YES;
				SWIFT_VERSION = 5.0;
				TARGETED_DEVICE_FAMILY = 4;
				WATCHOS_DEPLOYMENT_TARGET = 10.0;
			};
			name = Release;
		};
/* End XCBuildConfiguration section */

/* Begin XCConfigurationList section */
		700 /* Build configuration list for PBXNativeTarget "KieserTrainer" */ = {
			isa = XCConfigurationList;
			buildConfigurations = (
				902 /* Debug */,
				903 /* Release */,
			);
			defaultConfigurationIsVisible = 0;
			defaultConfigurationName = Release;
		};
		W700 /* Build configuration list for PBXNativeTarget "KieserTrainerWatch" */ = {
			isa = XCConfigurationList;
			buildConfigurations = (
				W902 /* Debug */,
				W903 /* Release */,
			);
			defaultConfigurationIsVisible = 0;
			defaultConfigurationName = Release;
		};
		801 /* Build configuration list for PBXProject "KieserTrainer" */ = {
			isa = XCConfigurationList;
			buildConfigurations = (
				900 /* Debug */,
				901 /* Release */,
			);
			defaultConfigurationIsVisible = 0;
			defaultConfigurationName = Release;
		};
/* End XCConfigurationList section */
	};
	rootObject = 800 /* Project object */;
}
