// !$*UTF8*$!
{
	archiveVersion = 1;
	classes = {
	};
	objectVersion = 56;
	objects = {

/* Begin PBXBuildFile section */
		A1B2C3D401000001 /* SplitWiseApp.swift in Sources */ = {isa = PBXBuildFile; fileRef = A1B2C3D400000001 /* SplitWiseApp.swift */; };
		A1B2C3D401000002 /* Participant.swift in Sources */ = {isa = PBXBuildFile; fileRef = A1B2C3D400000002 /* Participant.swift */; };
		A1B2C3D401000003 /* Expense.swift in Sources */ = {isa = PBXBuildFile; fileRef = A1B2C3D400000003 /* Expense.swift */; };
		A1B2C3D401000004 /* Group.swift in Sources */ = {isa = PBXBuildFile; fileRef = A1B2C3D400000004 /* Group.swift */; };
		A1B2C3D401000005 /* Settlement.swift in Sources */ = {isa = PBXBuildFile; fileRef = A1B2C3D400000005 /* Settlement.swift */; };
		A1B2C3D401000006 /* SettlementCalculator.swift in Sources */ = {isa = PBXBuildFile; fileRef = A1B2C3D400000006 /* SettlementCalculator.swift */; };
		A1B2C3D401000007 /* DataManager.swift in Sources */ = {isa = PBXBuildFile; fileRef = A1B2C3D400000007 /* DataManager.swift */; };
		A1B2C3D401000008 /* ExportService.swift in Sources */ = {isa = PBXBuildFile; fileRef = A1B2C3D400000008 /* ExportService.swift */; };
		A1B2C3D401000009 /* MainView.swift in Sources */ = {isa = PBXBuildFile; fileRef = A1B2C3D400000009 /* MainView.swift */; };
		A1B2C3D401000010 /* CreateGroupView.swift in Sources */ = {isa = PBXBuildFile; fileRef = A1B2C3D400000010 /* CreateGroupView.swift */; };
		A1B2C3D401000011 /* GroupDetailView.swift in Sources */ = {isa = PBXBuildFile; fileRef = A1B2C3D400000011 /* GroupDetailView.swift */; };
		A1B2C3D401000012 /* AddExpenseView.swift in Sources */ = {isa = PBXBuildFile; fileRef = A1B2C3D400000012 /* AddExpenseView.swift */; };
		A1B2C3D401000013 /* StatisticsView.swift in Sources */ = {isa = PBXBuildFile; fileRef = A1B2C3D400000013 /* StatisticsView.swift */; };
		A1B2C3D401000014 /* ExportView.swift in Sources */ = {isa = PBXBuildFile; fileRef = A1B2C3D400000014 /* ExportView.swift */; };
		A1B2C3D401000015 /* ColorScheme.swift in Sources */ = {isa = PBXBuildFile; fileRef = A1B2C3D400000015 /* ColorScheme.swift */; };
		A1B2C3D401000018 /* ImagePicker.swift in Sources */ = {isa = PBXBuildFile; fileRef = A1B2C3D400000018 /* ImagePicker.swift */; };
		A1B2C3D401000019 /* EditExpenseView.swift in Sources */ = {isa = PBXBuildFile; fileRef = A1B2C3D400000019 /* EditExpenseView.swift */; };
		A1B2C3D401000016 /* Assets.xcassets in Resources */ = {isa = PBXBuildFile; fileRef = A1B2C3D400000016 /* Assets.xcassets */; };
		A1B2C3D401000017 /* Preview Assets.xcassets in Resources */ = {isa = PBXBuildFile; fileRef = A1B2C3D400000017 /* Preview Assets.xcassets */; };
/* End PBXBuildFile section */

/* Begin PBXFileReference section */
		A1B2C3D4F0000001 /* SplitWise.app */ = {isa = PBXFileReference; explicitFileType = wrapper.application; includeInIndex = 0; path = SplitWise.app; sourceTree = BUILT_PRODUCTS_DIR; };
		A1B2C3D400000001 /* SplitWiseApp.swift */ = {isa = PBXFileReference; lastKnownFileType = sourcecode.swift; path = SplitWiseApp.swift; sourceTree = "<group>"; };
		A1B2C3D400000002 /* Participant.swift */ = {isa = PBXFileReference; lastKnownFileType = sourcecode.swift; path = Participant.swift; sourceTree = "<group>"; };
		A1B2C3D400000003 /* Expense.swift */ = {isa = PBXFileReference; lastKnownFileType = sourcecode.swift; path = Expense.swift; sourceTree = "<group>"; };
		A1B2C3D400000004 /* Group.swift */ = {isa = PBXFileReference; lastKnownFileType = sourcecode.swift; path = Group.swift; sourceTree = "<group>"; };
		A1B2C3D400000005 /* Settlement.swift */ = {isa = PBXFileReference; lastKnownFileType = sourcecode.swift; path = Settlement.swift; sourceTree = "<group>"; };
		A1B2C3D400000006 /* SettlementCalculator.swift */ = {isa = PBXFileReference; lastKnownFileType = sourcecode.swift; path = SettlementCalculator.swift; sourceTree = "<group>"; };
		A1B2C3D400000007 /* DataManager.swift */ = {isa = PBXFileReference; lastKnownFileType = sourcecode.swift; path = DataManager.swift; sourceTree = "<group>"; };
		A1B2C3D400000008 /* ExportService.swift */ = {isa = PBXFileReference; lastKnownFileType = sourcecode.swift; path = ExportService.swift; sourceTree = "<group>"; };
		A1B2C3D400000009 /* MainView.swift */ = {isa = PBXFileReference; lastKnownFileType = sourcecode.swift; path = MainView.swift; sourceTree = "<group>"; };
		A1B2C3D400000010 /* CreateGroupView.swift */ = {isa = PBXFileReference; lastKnownFileType = sourcecode.swift; path = CreateGroupView.swift; sourceTree = "<group>"; };
		A1B2C3D400000011 /* GroupDetailView.swift */ = {isa = PBXFileReference; lastKnownFileType = sourcecode.swift; path = GroupDetailView.swift; sourceTree = "<group>"; };
		A1B2C3D400000012 /* AddExpenseView.swift */ = {isa = PBXFileReference; lastKnownFileType = sourcecode.swift; path = AddExpenseView.swift; sourceTree = "<group>"; };
		A1B2C3D400000013 /* StatisticsView.swift */ = {isa = PBXFileReference; lastKnownFileType = sourcecode.swift; path = StatisticsView.swift; sourceTree = "<group>"; };
		A1B2C3D400000014 /* ExportView.swift */ = {isa = PBXFileReference; lastKnownFileType = sourcecode.swift; path = ExportView.swift; sourceTree = "<group>"; };
		A1B2C3D400000015 /* ColorScheme.swift */ = {isa = PBXFileReference; lastKnownFileType = sourcecode.swift; path = ColorScheme.swift; sourceTree = "<group>"; };
		A1B2C3D400000016 /* Assets.xcassets */ = {isa = PBXFileReference; lastKnownFileType = folder.assetcatalog; path = Assets.xcassets; sourceTree = "<group>"; };
		A1B2C3D400000017 /* Preview Assets.xcassets */ = {isa = PBXFileReference; lastKnownFileType = folder.assetcatalog; path = "Preview Assets.xcassets"; sourceTree = "<group>"; };
		A1B2C3D400000018 /* ImagePicker.swift */ = {isa = PBXFileReference; lastKnownFileType = sourcecode.swift; path = ImagePicker.swift; sourceTree = "<group>"; };
		A1B2C3D400000019 /* EditExpenseView.swift */ = {isa = PBXFileReference; lastKnownFileType = sourcecode.swift; path = EditExpenseView.swift; sourceTree = "<group>"; };
/* End PBXFileReference section */

/* Begin PBXFrameworksBuildPhase section */
		A1B2C3D4B0000001 /* Frameworks */ = {
			isa = PBXFrameworksBuildPhase;
			buildActionMask = 2147483647;
			files = (
			);
			runOnlyForDeploymentPostprocessing = 0;
		};
/* End PBXFrameworksBuildPhase section */

/* Begin PBXGroup section */
		A1B2C3D4G0000001 = {
			isa = PBXGroup;
			children = (
				A1B2C3D4G0000002 /* SplitWise */,
				A1B2C3D4G0000003 /* Products */,
			);
			sourceTree = "<group>";
		};
		A1B2C3D4G0000002 /* SplitWise */ = {
			isa = PBXGroup;
			children = (
				A1B2C3D4G0000004 /* App */,
				A1B2C3D4G0000005 /* Models */,
				A1B2C3D4G0000006 /* Services */,
				A1B2C3D4G0000007 /* Views */,
				A1B2C3D4G0000008 /* Resources */,
				A1B2C3D4G0000009 /* Preview Content */,
			);
			path = SplitWise;
			sourceTree = "<group>";
		};
		A1B2C3D4G0000003 /* Products */ = {
			isa = PBXGroup;
			children = (
				A1B2C3D4F0000001 /* SplitWise.app */,
			);
			name = Products;
			sourceTree = "<group>";
		};
		A1B2C3D4G0000004 /* App */ = {
			isa = PBXGroup;
			children = (
				A1B2C3D400000001 /* SplitWiseApp.swift */,
			);
			path = App;
			sourceTree = "<group>";
		};
		A1B2C3D4G0000005 /* Models */ = {
			isa = PBXGroup;
			children = (
				A1B2C3D400000002 /* Participant.swift */,
				A1B2C3D400000003 /* Expense.swift */,
				A1B2C3D400000004 /* Group.swift */,
				A1B2C3D400000005 /* Settlement.swift */,
			);
			path = Models;
			sourceTree = "<group>";
		};
		A1B2C3D4G0000006 /* Services */ = {
			isa = PBXGroup;
			children = (
				A1B2C3D400000006 /* SettlementCalculator.swift */,
				A1B2C3D400000007 /* DataManager.swift */,
				A1B2C3D400000008 /* ExportService.swift */,
			);
			path = Services;
			sourceTree = "<group>";
		};
		A1B2C3D4G0000007 /* Views */ = {
			isa = PBXGroup;
			children = (
				A1B2C3D400000009 /* MainView.swift */,
				A1B2C3D400000010 /* CreateGroupView.swift */,
				A1B2C3D400000011 /* GroupDetailView.swift */,
				A1B2C3D400000012 /* AddExpenseView.swift */,
				A1B2C3D400000019 /* EditExpenseView.swift */,
				A1B2C3D400000013 /* StatisticsView.swift */,
				A1B2C3D400000014 /* ExportView.swift */,
				A1B2C3D4G0000010 /* Components */,
			);
			path = Views;
			sourceTree = "<group>";
		};
		A1B2C3D4G0000008 /* Resources */ = {
			isa = PBXGroup;
			children = (
				A1B2C3D400000016 /* Assets.xcassets */,
			);
			path = Resources;
			sourceTree = "<group>";
		};
		A1B2C3D4G0000009 /* Preview Content */ = {
			isa = PBXGroup;
			children = (
				A1B2C3D400000017 /* Preview Assets.xcassets */,
			);
			path = "Preview Content";
			sourceTree = "<group>";
		};
		A1B2C3D4G0000010 /* Components */ = {
			isa = PBXGroup;
			children = (
				A1B2C3D400000015 /* ColorScheme.swift */,
				A1B2C3D400000018 /* ImagePicker.swift */,
			);
			path = Components;
			sourceTree = "<group>";
		};
/* End PBXGroup section */

/* Begin PBXNativeTarget section */
		A1B2C3D4T0000001 /* SplitWise */ = {
			isa = PBXNativeTarget;
			buildConfigurationList = A1B2C3D4L0000002 /* Build configuration list for PBXNativeTarget "SplitWise" */;
			buildPhases = (
				A1B2C3D4S0000001 /* Sources */,
				A1B2C3D4B0000001 /* Frameworks */,
				A1B2C3D4R0000001 /* Resources */,
			);
			buildRules = (
			);
			dependencies = (
			);
			name = SplitWise;
			productName = SplitWise;
			productReference = A1B2C3D4F0000001 /* SplitWise.app */;
			productType = "com.apple.product-type.application";
		};
/* End PBXNativeTarget section */

/* Begin PBXProject section */
		A1B2C3D4P0000001 /* Project object */ = {
			isa = PBXProject;
			attributes = {
				BuildIndependentTargetsInParallel = 1;
				LastSwiftUpdateCheck = 1500;
				LastUpgradeCheck = 1500;
				TargetAttributes = {
					A1B2C3D4T0000001 = {
						CreatedOnToolsVersion = 15.0;
					};
				};
			};
			buildConfigurationList = A1B2C3D4L0000001 /* Build configuration list for PBXProject "SplitWise" */;
			compatibilityVersion = "Xcode 14.0";
			developmentRegion = de;
			hasScannedForEncodings = 0;
			knownRegions = (
				en,
				de,
				Base,
			);
			mainGroup = A1B2C3D4G0000001;
			productRefGroup = A1B2C3D4G0000003 /* Products */;
			projectDirPath = "";
			projectRoot = "";
			targets = (
				A1B2C3D4T0000001 /* SplitWise */,
			);
		};
/* End PBXProject section */

/* Begin PBXResourcesBuildPhase section */
		A1B2C3D4R0000001 /* Resources */ = {
			isa = PBXResourcesBuildPhase;
			buildActionMask = 2147483647;
			files = (
				A1B2C3D401000016 /* Assets.xcassets in Resources */,
				A1B2C3D401000017 /* Preview Assets.xcassets in Resources */,
			);
			runOnlyForDeploymentPostprocessing = 0;
		};
/* End PBXResourcesBuildPhase section */

/* Begin PBXSourcesBuildPhase section */
		A1B2C3D4S0000001 /* Sources */ = {
			isa = PBXSourcesBuildPhase;
			buildActionMask = 2147483647;
			files = (
				A1B2C3D401000001 /* SplitWiseApp.swift in Sources */,
				A1B2C3D401000002 /* Participant.swift in Sources */,
				A1B2C3D401000003 /* Expense.swift in Sources */,
				A1B2C3D401000004 /* Group.swift in Sources */,
				A1B2C3D401000005 /* Settlement.swift in Sources */,
				A1B2C3D401000006 /* SettlementCalculator.swift in Sources */,
				A1B2C3D401000007 /* DataManager.swift in Sources */,
				A1B2C3D401000008 /* ExportService.swift in Sources */,
				A1B2C3D401000009 /* MainView.swift in Sources */,
				A1B2C3D401000010 /* CreateGroupView.swift in Sources */,
				A1B2C3D401000011 /* GroupDetailView.swift in Sources */,
				A1B2C3D401000012 /* AddExpenseView.swift in Sources */,
				A1B2C3D401000013 /* StatisticsView.swift in Sources */,
				A1B2C3D401000014 /* ExportView.swift in Sources */,
				A1B2C3D401000015 /* ColorScheme.swift in Sources */,
				A1B2C3D401000018 /* ImagePicker.swift in Sources */,
				A1B2C3D401000019 /* EditExpenseView.swift in Sources */,
			);
			runOnlyForDeploymentPostprocessing = 0;
		};
/* End PBXSourcesBuildPhase section */

/* Begin XCBuildConfiguration section */
		A1B2C3D4C0000001 /* Debug */ = {
			isa = XCBuildConfiguration;
			buildSettings = {
				ALWAYS_SEARCH_USER_PATHS = NO;
				ASSETCATALOG_COMPILER_GENERATE_SWIFT_ASSET_SYMBOL_EXTENSIONS = YES;
				CLANG_ANALYZER_NONNULL = YES;
				CLANG_ANALYZER_NUMBER_OBJECT_CONVERSION = YES_AGGRESSIVE;
				CLANG_CXX_LANGUAGE_STANDARD = "gnu++20";
				CLANG_ENABLE_MODULES = YES;
				CLANG_ENABLE_OBJC_ARC = YES;
				CLANG_ENABLE_OBJC_WEAK = YES;
				CLANG_WARN_BLOCK_CAPTURE_AUTORELEASING = YES;
				CLANG_WARN_BOOL_CONVERSION = YES;
				CLANG_WARN_COMMA = YES;
				CLANG_WARN_CONSTANT_CONVERSION = YES;
				CLANG_WARN_DEPRECATED_OBJC_IMPLEMENTATIONS = YES;
				CLANG_WARN_DIRECT_OBJC_ISA_USAGE = YES_ERROR;
				CLANG_WARN_DOCUMENTATION_COMMENTS = YES;
				CLANG_WARN_EMPTY_BODY = YES;
				CLANG_WARN_ENUM_CONVERSION = YES;
				CLANG_WARN_INFINITE_RECURSION = YES;
				CLANG_WARN_INT_CONVERSION = YES;
				CLANG_WARN_NON_LITERAL_NULL_CONVERSION = YES;
				CLANG_WARN_OBJC_IMPLICIT_RETAIN_SELF = YES;
				CLANG_WARN_OBJC_LITERAL_CONVERSION = YES;
				CLANG_WARN_OBJC_ROOT_CLASS = YES_ERROR;
				CLANG_WARN_QUOTED_INCLUDE_IN_FRAMEWORK_HEADER = YES;
				CLANG_WARN_RANGE_LOOP_ANALYSIS = YES;
				CLANG_WARN_STRICT_PROTOTYPES = YES;
				CLANG_WARN_SUSPICIOUS_MOVE = YES;
				CLANG_WARN_UNGUARDED_AVAILABILITY = YES_AGGRESSIVE;
				CLANG_WARN_UNREACHABLE_CODE = YES;
				CLANG_WARN__DUPLICATE_METHOD_MATCH = YES;
				COPY_PHASE_STRIP = NO;
				DEBUG_INFORMATION_FORMAT = dwarf;
				ENABLE_STRICT_OBJC_MSGSEND = YES;
				ENABLE_TESTABILITY = YES;
				ENABLE_USER_SCRIPT_SANDBOXING = YES;
				GCC_C_LANGUAGE_STANDARD = gnu17;
				GCC_DYNAMIC_NO_PIC = NO;
				GCC_NO_COMMON_BLOCKS = YES;
				GCC_OPTIMIZATION_LEVEL = 0;
				GCC_PREPROCESSOR_DEFINITIONS = (
					"DEBUG=1",
					"$(inherited)",
				);
				GCC_WARN_64_TO_32_BIT_CONVERSION = YES;
				GCC_WARN_ABOUT_RETURN_TYPE = YES_ERROR;
				GCC_WARN_UNDECLARED_SELECTOR = YES;
				GCC_WARN_UNINITIALIZED_AUTOS = YES_AGGRESSIVE;
				GCC_WARN_UNUSED_FUNCTION = YES;
				GCC_WARN_UNUSED_VARIABLE = YES;
				IPHONEOS_DEPLOYMENT_TARGET = 16.0;
				LOCALIZATION_PREFERS_STRING_CATALOGS = YES;
				MTL_ENABLE_DEBUG_INFO = INCLUDE_SOURCE;
				MTL_FAST_MATH = YES;
				ONLY_ACTIVE_ARCH = YES;
				SDKROOT = iphoneos;
				SWIFT_ACTIVE_COMPILATION_CONDITIONS = "DEBUG $(inherited)";
				SWIFT_OPTIMIZATION_LEVEL = "-Onone";
			};
			name = Debug;
		};
		A1B2C3D4C0000002 /* Release */ = {
			isa = XCBuildConfiguration;
			buildSettings = {
				ALWAYS_SEARCH_USER_PATHS = NO;
				ASSETCATALOG_COMPILER_GENERATE_SWIFT_ASSET_SYMBOL_EXTENSIONS = YES;
				CLANG_ANALYZER_NONNULL = YES;
				CLANG_ANALYZER_NUMBER_OBJECT_CONVERSION = YES_AGGRESSIVE;
				CLANG_CXX_LANGUAGE_STANDARD = "gnu++20";
				CLANG_ENABLE_MODULES = YES;
				CLANG_ENABLE_OBJC_ARC = YES;
				CLANG_ENABLE_OBJC_WEAK = YES;
				CLANG_WARN_BLOCK_CAPTURE_AUTORELEASING = YES;
				CLANG_WARN_BOOL_CONVERSION = YES;
				CLANG_WARN_COMMA = YES;
				CLANG_WARN_CONSTANT_CONVERSION = YES;
				CLANG_WARN_DEPRECATED_OBJC_IMPLEMENTATIONS = YES;
				CLANG_WARN_DIRECT_OBJC_ISA_USAGE = YES_ERROR;
				CLANG_WARN_DOCUMENTATION_COMMENTS = YES;
				CLANG_WARN_EMPTY_BODY = YES;
				CLANG_WARN_ENUM_CONVERSION = YES;
				CLANG_WARN_INFINITE_RECURSION = YES;
				CLANG_WARN_INT_CONVERSION = YES;
				CLANG_WARN_NON_LITERAL_NULL_CONVERSION = YES;
				CLANG_WARN_OBJC_IMPLICIT_RETAIN_SELF = YES;
				CLANG_WARN_OBJC_LITERAL_CONVERSION = YES;
				CLANG_WARN_OBJC_ROOT_CLASS = YES_ERROR;
				CLANG_WARN_QUOTED_INCLUDE_IN_FRAMEWORK_HEADER = YES;
				CLANG_WARN_RANGE_LOOP_ANALYSIS = YES;
				CLANG_WARN_STRICT_PROTOTYPES = YES;
				CLANG_WARN_SUSPICIOUS_MOVE = YES;
				CLANG_WARN_UNGUARDED_AVAILABILITY = YES_AGGRESSIVE;
				CLANG_WARN_UNREACHABLE_CODE = YES;
				CLANG_WARN__DUPLICATE_METHOD_MATCH = YES;
				COPY_PHASE_STRIP = NO;
				DEBUG_INFORMATION_FORMAT = "dwarf-with-dsym";
				ENABLE_NS_ASSERTIONS = NO;
				ENABLE_STRICT_OBJC_MSGSEND = YES;
				ENABLE_USER_SCRIPT_SANDBOXING = YES;
				GCC_C_LANGUAGE_STANDARD = gnu17;
				GCC_NO_COMMON_BLOCKS = YES;
				GCC_WARN_64_TO_32_BIT_CONVERSION = YES;
				GCC_WARN_ABOUT_RETURN_TYPE = YES_ERROR;
				GCC_WARN_UNDECLARED_SELECTOR = YES;
				GCC_WARN_UNINITIALIZED_AUTOS = YES_AGGRESSIVE;
				GCC_WARN_UNUSED_FUNCTION = YES;
				GCC_WARN_UNUSED_VARIABLE = YES;
				IPHONEOS_DEPLOYMENT_TARGET = 16.0;
				LOCALIZATION_PREFERS_STRING_CATALOGS = YES;
				MTL_ENABLE_DEBUG_INFO = NO;
				MTL_FAST_MATH = YES;
				SDKROOT = iphoneos;
				SWIFT_COMPILATION_MODE = wholemodule;
				VALIDATE_PRODUCT = YES;
			};
			name = Release;
		};
		A1B2C3D4C0000003 /* Debug */ = {
			isa = XCBuildConfiguration;
			buildSettings = {
				ASSETCATALOG_COMPILER_APPICON_NAME = AppIcon;
				ASSETCATALOG_COMPILER_GLOBAL_ACCENT_COLOR_NAME = AccentColor;
				CODE_SIGN_STYLE = Automatic;
				CURRENT_PROJECT_VERSION = 1;
				DEVELOPMENT_ASSET_PATHS = "\"SplitWise/Preview Content\"";
				ENABLE_PREVIEWS = YES;
				GENERATE_INFOPLIST_FILE = YES;
				INFOPLIST_KEY_CFBundleDisplayName = SplitWise;
				INFOPLIST_KEY_UIApplicationSceneManifest_Generation = YES;
				INFOPLIST_KEY_UIApplicationSupportsIndirectInputEvents = YES;
				INFOPLIST_KEY_UILaunchScreen_Generation = YES;
				INFOPLIST_KEY_UISupportedInterfaceOrientations_iPad = "UIInterfaceOrientationPortrait UIInterfaceOrientationPortraitUpsideDown UIInterfaceOrientationLandscapeLeft UIInterfaceOrientationLandscapeRight";
				INFOPLIST_KEY_UISupportedInterfaceOrientations_iPhone = "UIInterfaceOrientationPortrait UIInterfaceOrientationLandscapeLeft UIInterfaceOrientationLandscapeRight";
				LD_RUNPATH_SEARCH_PATHS = (
					"$(inherited)",
					"@executable_path/Frameworks",
				);
				MARKETING_VERSION = 1.0;
				PRODUCT_BUNDLE_IDENTIFIER = com.mfischer.splitwise;
				PRODUCT_NAME = "$(TARGET_NAME)";
				SWIFT_EMIT_LOC_STRINGS = YES;
				SWIFT_VERSION = 5.0;
				TARGETED_DEVICE_FAMILY = "1,2";
			};
			name = Debug;
		};
		A1B2C3D4C0000004 /* Release */ = {
			isa = XCBuildConfiguration;
			buildSettings = {
				ASSETCATALOG_COMPILER_APPICON_NAME = AppIcon;
				ASSETCATALOG_COMPILER_GLOBAL_ACCENT_COLOR_NAME = AccentColor;
				CODE_SIGN_STYLE = Automatic;
				CURRENT_PROJECT_VERSION = 1;
				DEVELOPMENT_ASSET_PATHS = "\"SplitWise/Preview Content\"";
				ENABLE_PREVIEWS = YES;
				GENERATE_INFOPLIST_FILE = YES;
				INFOPLIST_KEY_CFBundleDisplayName = SplitWise;
				INFOPLIST_KEY_UIApplicationSceneManifest_Generation = YES;
				INFOPLIST_KEY_UIApplicationSupportsIndirectInputEvents = YES;
				INFOPLIST_KEY_UILaunchScreen_Generation = YES;
				INFOPLIST_KEY_UISupportedInterfaceOrientations_iPad = "UIInterfaceOrientationPortrait UIInterfaceOrientationPortraitUpsideDown UIInterfaceOrientationLandscapeLeft UIInterfaceOrientationLandscapeRight";
				INFOPLIST_KEY_UISupportedInterfaceOrientations_iPhone = "UIInterfaceOrientationPortrait UIInterfaceOrientationLandscapeLeft UIInterfaceOrientationLandscapeRight";
				LD_RUNPATH_SEARCH_PATHS = (
					"$(inherited)",
					"@executable_path/Frameworks",
				);
				MARKETING_VERSION = 1.0;
				PRODUCT_BUNDLE_IDENTIFIER = com.mfischer.splitwise;
				PRODUCT_NAME = "$(TARGET_NAME)";
				SWIFT_EMIT_LOC_STRINGS = YES;
				SWIFT_VERSION = 5.0;
				TARGETED_DEVICE_FAMILY = "1,2";
			};
			name = Release;
		};
/* End XCBuildConfiguration section */

/* Begin XCConfigurationList section */
		A1B2C3D4L0000001 /* Build configuration list for PBXProject "SplitWise" */ = {
			isa = XCConfigurationList;
			buildConfigurations = (
				A1B2C3D4C0000001 /* Debug */,
				A1B2C3D4C0000002 /* Release */,
			);
			defaultConfigurationIsVisible = 0;
			defaultConfigurationName = Release;
		};
		A1B2C3D4L0000002 /* Build configuration list for PBXNativeTarget "SplitWise" */ = {
			isa = XCConfigurationList;
			buildConfigurations = (
				A1B2C3D4C0000003 /* Debug */,
				A1B2C3D4C0000004 /* Release */,
			);
			defaultConfigurationIsVisible = 0;
			defaultConfigurationName = Release;
		};
/* End XCConfigurationList section */
	};
	rootObject = A1B2C3D4P0000001 /* Project object */;
}
